
Microsoft Visual Studio Solution File, Format Version 12.00
# Visual Studio Version 17
VisualStudioVersion = 17.11.35222.181
MinimumVisualStudioVersion = 10.0.40219.1
Project("{8BC9CEB8-8B4A-11D0-8D11-00A0C91BC942}") = "DAY1", "DAY1\DAY1.vcxproj", "{B86BF0E7-51A5-454A-AF55-C14473BA8CE4}"
EndProject
Project("{8BC9CEB8-8B4A-11D0-8D11-00A0C91BC942}") = "DAY2", "DAY2\DAY2.vcxproj", "{327C7DFA-DF32-4CF5-AB41-CD811F9B9698}"
EndProject
Project("{8BC9CEB8-8B4A-11D0-8D11-00A0C91BC942}") = "DAY3", "DAY3\DAY3.vcxproj", "{C5735055-0955-4892-B7EE-C3D43292B3F0}"
EndProject
Project("{8BC9CEB8-8B4A-11D0-8D11-00A0C91BC942}") = "DAY4", "DAY4\DAY4.vcxproj", "{FC3D839A-9EBE-4F0A-A46B-F4C014729069}"
EndProject
Project("{8BC9CEB8-8B4A-11D0-8D11-00A0C91BC942}") = "DAY5", "DAY5\DAY5.vcxproj", "{1EE1375D-BD24-40E8-A5FA-5842D3672C4E}"
EndProject
Project("{8BC9CEB8-8B4A-11D0-8D11-00A0C91BC942}") = "DAY6", "DAY6\DAY6.vcxproj", "{1F447424-DF65-4F2A-B783-8B37662E1D43}"
EndProject
Project("{8BC9CEB8-8B4A-11D0-8D11-00A0C91BC942}") = "DAY7", "DAY7\DAY7.vcxproj", "{539EA6BE-BE13-42C9-A080-12D323CE280E}"
EndProject
Project("{8BC9CEB8-8B4A-11D0-8D11-00A0C91BC942}") = "DAY8", "DAY8\DAY8.vcxproj", "{F146F89B-0264-44F3-974F-8362F3A1B861}"
EndProject
Global
	GlobalSection(SolutionConfigurationPlatforms) = preSolution
		Debug|x64 = Debug|x64
		Debug|x86 = Debug|x86
		Release|x64 = Release|x64
		Release|x86 = Release|x86
	EndGlobalSection
	GlobalSection(ProjectConfigurationPlatforms) = postSolution
		{B86BF0E7-51A5-454A-AF55-C14473BA8CE4}.Debug|x64.ActiveCfg = Debug|x64
		{B86BF0E7-51A5-454A-AF55-C14473BA8CE4}.Debug|x64.Build.0 = Debug|x64
		{B86BF0E7-51A5-454A-AF55-C14473BA8CE4}.Debug|x86.ActiveCfg = Debug|Win32
		{B86BF0E7-51A5-454A-AF55-C14473BA8CE4}.Debug|x86.Build.0 = Debug|Win32
		{B86BF0E7-51A5-454A-AF55-C14473BA8CE4}.Release|x64.ActiveCfg = Release|x64
		{B86BF0E7-51A5-454A-AF55-C14473BA8CE4}.Release|x64.Build.0 = Release|x64
		{B86BF0E7-51A5-454A-AF55-C14473BA8CE4}.Release|x86.ActiveCfg = Release|Win32
		{B86BF0E7-51A5-454A-AF55-C14473BA8CE4}.Release|x86.Build.0 = Release|Win32
		{327C7DFA-DF32-4CF5-AB41-CD811F9B9698}.Debug|x64.ActiveCfg = Debug|x64
		{327C7DFA-DF32-4CF5-AB41-CD811F9B9698}.Debug|x64.Build.0 = Debug|x64
		{327C7DFA-DF32-4CF5-AB41-CD811F9B9698}.Debug|x86.ActiveCfg = Debug|Win32
		{327C7DFA-DF32-4CF5-AB41-CD811F9B9698}.Debug|x86.Build.0 = Debug|Win32
		{327C7DFA-DF32-4CF5-AB41-CD811F9B9698}.Release|x64.ActiveCfg = Release|x64
		{327C7DFA-DF32-4CF5-AB41-CD811F9B9698}.Release|x64.Build.0 = Release|x64
		{327C7DFA-DF32-4CF5-AB41-CD811F9B9698}.Release|x86.ActiveCfg = Release|Win32
		{327C7DFA-DF32-4CF5-AB41-CD811F9B9698}.Release|x86.Build.0 = Release|Win32
		{C5735055-0955-4892-B7EE-C3D43292B3F0}.Debug|x64.ActiveCfg = Debug|x64
		{C5735055-0955-4892-B7EE-C3D43292B3F0}.Debug|x64.Build.0 = Debug|x64
		{C5735055-0955-4892-B7EE-C3D43292B3F0}.Debug|x86.ActiveCfg = Debug|Win32
		{C5735055-0955-4892-B7EE-C3D43292B3F0}.Debug|x86.Build.0 = Debug|Win32
		{C5735055-0955-4892-B7EE-C3D43292B3F0}.Release|x64.ActiveCfg = Release|x64
		{C5735055-0955-4892-B7EE-C3D43292B3F0}.Release|x64.Build.0 = Release|x64
		{C5735055-0955-4892-B7EE-C3D43292B3F0}.Release|x86.ActiveCfg = Release|Win32
		{C5735055-0955-4892-B7EE-C3D43292B3F0}.Release|x86.Build.0 = Release|Win32
		{FC3D839A-9EBE-4F0A-A46B-F4C014729069}.Debug|x64.ActiveCfg = Debug|x64
		{FC3D839A-9EBE-4F0A-A46B-F4C014729069}.Debug|x64.Build.0 = Debug|x64
		{FC3D839A-9EBE-4F0A-A46B-F4C014729069}.Debug|x86.ActiveCfg = Debug|Win32
		{FC3D839A-9EBE-4F0A-A46B-F4C014729069}.Debug|x86.Build.0 = Debug|Win32
		{FC3D839A-9EBE-4F0A-A46B-F4C014729069}.Release|x64.ActiveCfg = Release|x64
		{FC3D839A-9EBE-4F0A-A46B-F4C014729069}.Release|x64.Build.0 = Release|x64
		{FC3D839A-9EBE-4F0A-A46B-F4C014729069}.Release|x86.ActiveCfg = Release|Win32
		{FC3D839A-9EBE-4F0A-A46B-F4C014729069}.Release|x86.Build.0 = Release|Win32
		{1EE1375D-BD24-40E8-A5FA-5842D3672C4E}.Debug|x64.ActiveCfg = Debug|x64
		{1EE1375D-BD24-40E8-A5FA-5842D3672C4E}.Debug|x64.Build.0 = Debug|x64
		{1EE1375D-BD24-40E8-A5FA-5842D3672C4E}.Debug|x86.ActiveCfg = Debug|Win32
		{1EE1375D-BD24-40E8-A5FA-5842D3672C4E}.Debug|x86.Build.0 = Debug|Win32
		{1EE1375D-BD24-40E8-A5FA-5842D3672C4E}.Release|x64.ActiveCfg = Release|x64
		{1EE1375D-BD24-40E8-A5FA-5842D3672C4E}.Release|x64.Build.0 = Release|x64
		{1EE1375D-BD24-40E8-A5FA-5842D3672C4E}.Release|x86.ActiveCfg = Release|Win32
		{1EE1375D-BD24-40E8-A5FA-5842D3672C4E}.Release|x86.Build.0 = Release|Win32
		{1F447424-DF65-4F2A-B783-8B37662E1D43}.Debug|x64.ActiveCfg = Debug|x64
		{1F447424-DF65-4F2A-B783-8B37662E1D43}.Debug|x64.Build.0 = Debug|x64
		{1F447424-DF65-4F2A-B783-8B37662E1D43}.Debug|x86.ActiveCfg = Debug|Win32
		{1F447424-DF65-4F2A-B783-8B37662E1D43}.Debug|x86.Build.0 = Debug|Win32
		{1F447424-DF65-4F2A-B783-8B37662E1D43}.Release|x64.ActiveCfg = Release|x64
		{1F447424-DF65-4F2A-B783-8B37662E1D43}.Release|x64.Build.0 = Release|x64
		{1F447424-DF65-4F2A-B783-8B37662E1D43}.Release|x86.ActiveCfg = Release|Win32
		{1F447424-DF65-4F2A-B783-8B37662E1D43}.Release|x86.Build.0 = Release|Win32
		{539EA6BE-BE13-42C9-A080-12D323CE280E}.Debug|x64.ActiveCfg = Debug|x64
		{539EA6BE-BE13-42C9-A080-12D323CE280E}.Debug|x64.Build.0 = Debug|x64
		{539EA6BE-BE13-42C9-A080-12D323CE280E}.Debug|x86.ActiveCfg = Debug|Win32
		{539EA6BE-BE13-42C9-A080-12D323CE280E}.Debug|x86.Build.0 = Debug|Win32
		{539EA6BE-BE13-42C9-A080-12D323CE280E}.Release|x64.ActiveCfg = Release|x64
		{539EA6BE-BE13-42C9-A080-12D323CE280E}.Release|x64.Build.0 = Release|x64
		{539EA6BE-BE13-42C9-A080-12D323CE280E}.Release|x86.ActiveCfg = Release|Win32
		{539EA6BE-BE13-42C9-A080-12D323CE280E}.Release|x86.Build.0 = Release|Win32
		{F146F89B-0264-44F3-974F-8362F3A1B861}.Debug|x64.ActiveCfg = Debug|x64
		{F146F89B-0264-44F3-974F-8362F3A1B861}.Debug|x64.Build.0 = Debug|x64
		{F146F89B-0264-44F3-974F-8362F3A1B861}.Debug|x86.ActiveCfg = Debug|Win32
		{F146F89B-0264-44F3-974F-8362F3A1B861}.Debug|x86.Build.0 = Debug|Win32
		{F146F89B-0264-44F3-974F-8362F3A1B861}.Release|x64.ActiveCfg = Release|x64
		{F146F89B-0264-44F3-974F-8362F3A1B861}.Release|x64.Build.0 = Release|x64
		{F146F89B-0264-44F3-974F-8362F3A1B861}.Release|x86.ActiveCfg = Release|Win32
		{F146F89B-0264-44F3-974F-8362F3A1B861}.Release|x86.Build.0 = Release|Win32
	EndGlobalSection
	GlobalSection(SolutionProperties) = preSolution
		HideSolutionNode = FALSE
	EndGlobalSection
	GlobalSection(ExtensibilityGlobals) = postSolution
		SolutionGuid = {EFE64059-AF1C-432D-8B3B-4674CA146192}
	EndGlobalSection
EndGlobal
